// !$*UTF8*$!
{
	archiveVersion = 1;
	classes = {
	};
	objectVersion = 56;
	objects = {

/* Begin PBXFileReference section */
		96ACECC92C5FCAD4001847AB /* CNAME */ = {isa = PBXFileReference; lastKnownFileType = text; path = CNAME; sourceTree = "<group>"; };
		96ACECCA2C5FCAD4001847AB /* index.html */ = {isa = PBXFileReference; lastKnownFileType = text.html; path = index.html; sourceTree = "<group>"; };
		96ACECCB2C60110A001847AB /* AppIcon2.png */ = {isa = PBXFileReference; lastKnownFileType = image.png; path = AppIcon2.png; sourceTree = "<group>"; };
		96ACECCC2C60110A001847AB /* Orbs.png */ = {isa = PBXFileReference; lastKnownFileType = image.png; path = Orbs.png; sourceTree = "<group>"; };
		96ACECCD2C60110A001847AB /* Original.png */ = {isa = PBXFileReference; lastKnownFileType = image.png; path = Original.png; sourceTree = "<group>"; };
		96ACECCE2C60110A001847AB /* Papyrus.png */ = {isa = PBXFileReference; lastKnownFileType = image.png; path = Papyrus.png; sourceTree = "<group>"; };
		96ACECCF2C60110A001847AB /* ArtGreen.png */ = {isa = PBXFileReference; lastKnownFileType = image.png; path = ArtGreen.png; sourceTree = "<group>"; };
/* End PBXFileReference section */

/* Begin PBXGroup section */
		96ACECC22C5FC9C6001847AB = {
			isa = PBXGroup;
			children = (
				96ACECCB2C60110A001847AB /* AppIcon2.png */,
				96ACECCF2C60110A001847AB /* ArtGreen.png */,
				96ACECCC2C60110A001847AB /* Orbs.png */,
				96ACECCD2C60110A001847AB /* Original.png */,
				96ACECCE2C60110A001847AB /* Papyrus.png */,
				96ACECC92C5FCAD4001847AB /* CNAME */,
				96ACECCA2C5FCAD4001847AB /* index.html */,
			);
			sourceTree = "<group>";
		};
/* End PBXGroup section */

/* Begin PBXProject section */
		96ACECC32C5FC9C6001847AB /* Project object */ = {
			isa = PBXProject;
			attributes = {
				BuildIndependentTargetsInParallel = 1;
				LastUpgradeCheck = 1540;
			};
			buildConfigurationList = 96ACECC62C5FC9C6001847AB /* Build configuration list for PBXProject "sdyer777.github.io" */;
			compatibilityVersion = "Xcode 14.0";
			developmentRegion = en;
			hasScannedForEncodings = 0;
			knownRegions = (
				en,
				Base,
			);
			mainGroup = 96ACECC22C5FC9C6001847AB;
			projectDirPath = "";
			projectRoot = "";
			targets = (
			);
		};
/* End PBXProject section */

/* Begin XCBuildConfiguration section */
		96ACECC72C5FC9C6001847AB /* Debug */ = {
			isa = XCBuildConfiguration;
			buildSettings = {
			};
			name = Debug;
		};
		96ACECC82C5FC9C6001847AB /* Release */ = {
			isa = XCBuildConfiguration;
			buildSettings = {
			};
			name = Release;
		};
/* End XCBuildConfiguration section */

/* Begin XCConfigurationList section */
		96ACECC62C5FC9C6001847AB /* Build configuration list for PBXProject "sdyer777.github.io" */ = {
			isa = XCConfigurationList;
			buildConfigurations = (
				96ACECC72C5FC9C6001847AB /* Debug */,
				96ACECC82C5FC9C6001847AB /* Release */,
			);
			defaultConfigurationIsVisible = 0;
			defaultConfigurationName = Release;
		};
/* End XCConfigurationList section */
	};
	rootObject = 96ACECC32C5FC9C6001847AB /* Project object */;
}
